
Microsoft Visual Studio Solution File, Format Version 12.00
# Visual Studio Version 16
VisualStudioVersion = 16.0.30320.27
MinimumVisualStudioVersion = 10.0.40219.1
Project("{FAE04EC0-301F-11D3-BF4B-00C04F79EFBC}") = "rocket-bot", "rocket-bot.csproj", "{23C02F85-DE76-4236-A21C-F40602BCFF1A}"
EndProject
Global
	GlobalSection(SolutionConfigurationPlatforms) = preSolution
		Debug|Any CPU = Debug|Any CPU
		Release|Any CPU = Release|Any CPU
	EndGlobalSection
	GlobalSection(ProjectConfigurationPlatforms) = postSolution
		{23C02F85-DE76-4236-A21C-F40602BCFF1A}.Debug|Any CPU.ActiveCfg = Debug|Any CPU
		{23C02F85-DE76-4236-A21C-F40602BCFF1A}.Debug|Any CPU.Build.0 = Debug|Any CPU
		{23C02F85-DE76-4236-A21C-F40602BCFF1A}.Release|Any CPU.ActiveCfg = Release|Any CPU
		{23C02F85-DE76-4236-A21C-F40602BCFF1A}.Release|Any CPU.Build.0 = Release|Any CPU
	EndGlobalSection
	GlobalSection(SolutionProperties) = preSolution
		HideSolutionNode = FALSE
	EndGlobalSection
	GlobalSection(ExtensibilityGlobals) = postSolution
		SolutionGuid = {C476C0FF-645E-4EB6-AF89-6D748A084E53}
	EndGlobalSection
EndGlobal
