
Microsoft Visual Studio Solution File, Format Version 12.00
Project("{FAE04EC0-301F-11D3-BF4B-00C04F79EFBC}") = "GeometryTasks", "GeometryTasks.csproj", "{B0992284-E189-425A-82BE-C6C78DF5F6C6}"
EndProject
Project("{FAE04EC0-301F-11D3-BF4B-00C04F79EFBC}") = "ReadOnlyVectorTask", "ReadOnlyVectorTask\ReadOnlyVectorTask.csproj", "{A4CAFE91-638C-406A-B8DA-BDF7BA47D210}"
EndProject
Global
	GlobalSection(SolutionConfigurationPlatforms) = preSolution
		Debug|Any CPU = Debug|Any CPU
		Release|Any CPU = Release|Any CPU
	EndGlobalSection
	GlobalSection(ProjectConfigurationPlatforms) = postSolution
		{B0992284-E189-425A-82BE-C6C78DF5F6C6}.Debug|Any CPU.ActiveCfg = Debug|Any CPU
		{B0992284-E189-425A-82BE-C6C78DF5F6C6}.Debug|Any CPU.Build.0 = Debug|Any CPU
		{B0992284-E189-425A-82BE-C6C78DF5F6C6}.Release|Any CPU.ActiveCfg = Release|Any CPU
		{B0992284-E189-425A-82BE-C6C78DF5F6C6}.Release|Any CPU.Build.0 = Release|Any CPU
		{A4CAFE91-638C-406A-B8DA-BDF7BA47D210}.Debug|Any CPU.ActiveCfg = Debug|Any CPU
		{A4CAFE91-638C-406A-B8DA-BDF7BA47D210}.Debug|Any CPU.Build.0 = Debug|Any CPU
		{A4CAFE91-638C-406A-B8DA-BDF7BA47D210}.Release|Any CPU.ActiveCfg = Release|Any CPU
		{A4CAFE91-638C-406A-B8DA-BDF7BA47D210}.Release|Any CPU.Build.0 = Release|Any CPU
	EndGlobalSection
EndGlobal
